
Microsoft Visual Studio Solution File, Format Version 12.00
# Visual Studio Version 17
VisualStudioVersion = 17.5.33530.505
MinimumVisualStudioVersion = 10.0.40219.1
Project("{FAE04EC0-301F-11D3-BF4B-00C04F79EFBC}") = "LAB2ISTPP", "LAB2ISTPP.csproj", "{FE69CD54-C368-4C15-B29D-2AAA10C4E546}"
EndProject
Global
	GlobalSection(SolutionConfigurationPlatforms) = preSolution
		Debug|Any CPU = Debug|Any CPU
		Release|Any CPU = Release|Any CPU
	EndGlobalSection
	GlobalSection(ProjectConfigurationPlatforms) = postSolution
		{FE69CD54-C368-4C15-B29D-2AAA10C4E546}.Debug|Any CPU.ActiveCfg = Debug|Any CPU
		{FE69CD54-C368-4C15-B29D-2AAA10C4E546}.Debug|Any CPU.Build.0 = Debug|Any CPU
		{FE69CD54-C368-4C15-B29D-2AAA10C4E546}.Release|Any CPU.ActiveCfg = Release|Any CPU
		{FE69CD54-C368-4C15-B29D-2AAA10C4E546}.Release|Any CPU.Build.0 = Release|Any CPU
	EndGlobalSection
	GlobalSection(SolutionProperties) = preSolution
		HideSolutionNode = FALSE
	EndGlobalSection
	GlobalSection(ExtensibilityGlobals) = postSolution
		SolutionGuid = {47AD3C12-665F-4951-8C32-16CD2C85B113}
	EndGlobalSection
EndGlobal
